
Microsoft Visual Studio Solution File, Format Version 12.00
# Visual Studio Version 17
VisualStudioVersion = 17.4.33403.182
MinimumVisualStudioVersion = 10.0.40219.1
Project("{FAE04EC0-301F-11D3-BF4B-00C04F79EFBC}") = "LoginSystem", "LoginSystem.csproj", "{AA9C98CC-54CF-4021-A488-AA5F42A34260}"
EndProject
Global
	GlobalSection(SolutionConfigurationPlatforms) = preSolution
		Debug|Any CPU = Debug|Any CPU
		Release|Any CPU = Release|Any CPU
	EndGlobalSection
	GlobalSection(ProjectConfigurationPlatforms) = postSolution
		{AA9C98CC-54CF-4021-A488-AA5F42A34260}.Debug|Any CPU.ActiveCfg = Debug|Any CPU
		{AA9C98CC-54CF-4021-A488-AA5F42A34260}.Debug|Any CPU.Build.0 = Debug|Any CPU
		{AA9C98CC-54CF-4021-A488-AA5F42A34260}.Release|Any CPU.ActiveCfg = Release|Any CPU
		{AA9C98CC-54CF-4021-A488-AA5F42A34260}.Release|Any CPU.Build.0 = Release|Any CPU
	EndGlobalSection
	GlobalSection(SolutionProperties) = preSolution
		HideSolutionNode = FALSE
	EndGlobalSection
	GlobalSection(ExtensibilityGlobals) = postSolution
		SolutionGuid = {0483875D-9347-4D53-A240-006AEC6746F2}
	EndGlobalSection
EndGlobal
